
Microsoft Visual Studio Solution File, Format Version 12.00
# Visual Studio Version 16
VisualStudioVersion = 16.0.31112.23
MinimumVisualStudioVersion = 10.0.40219.1
Project("{FAE04EC0-301F-11D3-BF4B-00C04F79EFBC}") = "视频条形码生成", "视频条线码生成\视频条形码生成.csproj", "{E96D8EF3-36D8-4367-AFC8-C21712B4A1B8}"
EndProject
Global
	GlobalSection(SolutionConfigurationPlatforms) = preSolution
		Debug|Any CPU = Debug|Any CPU
		Debug|x64 = Debug|x64
		Release|Any CPU = Release|Any CPU
		Release|x64 = Release|x64
	EndGlobalSection
	GlobalSection(ProjectConfigurationPlatforms) = postSolution
		{E96D8EF3-36D8-4367-AFC8-C21712B4A1B8}.Debug|Any CPU.ActiveCfg = Debug|Any CPU
		{E96D8EF3-36D8-4367-AFC8-C21712B4A1B8}.Debug|Any CPU.Build.0 = Debug|Any CPU
		{E96D8EF3-36D8-4367-AFC8-C21712B4A1B8}.Debug|x64.ActiveCfg = Debug|x64
		{E96D8EF3-36D8-4367-AFC8-C21712B4A1B8}.Debug|x64.Build.0 = Debug|x64
		{E96D8EF3-36D8-4367-AFC8-C21712B4A1B8}.Release|Any CPU.ActiveCfg = Release|Any CPU
		{E96D8EF3-36D8-4367-AFC8-C21712B4A1B8}.Release|Any CPU.Build.0 = Release|Any CPU
		{E96D8EF3-36D8-4367-AFC8-C21712B4A1B8}.Release|x64.ActiveCfg = Release|x64
		{E96D8EF3-36D8-4367-AFC8-C21712B4A1B8}.Release|x64.Build.0 = Release|x64
	EndGlobalSection
	GlobalSection(SolutionProperties) = preSolution
		HideSolutionNode = FALSE
	EndGlobalSection
	GlobalSection(ExtensibilityGlobals) = postSolution
		SolutionGuid = {09630858-A2F0-4412-BC8E-61A24F91B519}
	EndGlobalSection
EndGlobal
